[root]
name = "svg-bot"
version = "0.1.0"
dependencies = [
 "svg 0.5.6 (registry+https://github.com/rust-lang/crates.io-index)",
]

[[package]]
name = "svg"
version = "0.5.6"
source = "registry+https://github.com/rust-lang/crates.io-index"

[metadata]
"checksum svg 0.5.6 (registry+https://github.com/rust-lang/crates.io-index)" = "6569d8ee08322afcc9f3eb19a9af4ebbb5a2502a4048cb32f741020a02b0d668"
